
Microsoft Visual Studio Solution File, Format Version 12.00
# Visual Studio 14
VisualStudioVersion = 14.0.24720.0
MinimumVisualStudioVersion = 10.0.40219.1
Project("{D954291E-2A0B-460D-934E-DC6B0785DB48}") = "RoomiesCalc", "RoomiesCalc\RoomiesCalc.shproj", "{F75682C0-E9AA-46CB-83B2-E109F59A5612}"
EndProject
Project("{D954291E-2A0B-460D-934E-DC6B0785DB48}") = "RoomiesCalc.Shared", "RoomiesCalc\RoomiesCalc.Shared.shproj", "{BE3F7952-A683-41E6-BA2D-C5390EC14379}"
EndProject
Project("{FAE04EC0-301F-11D3-BF4B-00C04F79EFBC}") = "RoomiesCalc.iOS", "iOS\RoomiesCalc.iOS.csproj", "{E3DA6CCB-1692-47F3-A00A-7856D5B55D66}"
EndProject
Project("{FAE04EC0-301F-11D3-BF4B-00C04F79EFBC}") = "RoomiesCalc.Droid", "Droid\RoomiesCalc.Droid.csproj", "{4B782B33-808E-4522-8EBB-1295E526FED5}"
EndProject
Project("{2150E333-8FDC-42A3-9474-1A3956D46DE8}") = "Old", "Old", "{4A73061E-D2DA-449B-8E8D-F4D2BEDE43B6}"
EndProject
Project("{2150E333-8FDC-42A3-9474-1A3956D46DE8}") = "Latest", "Latest", "{3D02F5E7-60FA-4B65-B829-F8DF97E1BEB3}"
EndProject
Project("{FAE04EC0-301F-11D3-BF4B-00C04F79EFBC}") = "RoomiesCalc.Droid", "Latest\RoomiesCalc\RoomiesCalc.Droid\RoomiesCalc.Droid.csproj", "{84FE484B-9049-4099-9302-09F55ED4E217}"
EndProject
Project("{FAE04EC0-301F-11D3-BF4B-00C04F79EFBC}") = "RoomiesCalc.iOS", "Latest\RoomiesCalc\RoomiesCalc.iOS\RoomiesCalc.iOS.csproj", "{76A1897D-A088-4EFA-8E2D-DA9B94E072B3}"
EndProject
Project("{D954291E-2A0B-460D-934E-DC6B0785DB48}") = "RoomiesCalc", "Latest\RoomiesCalc\RoomiesCalc\RoomiesCalc.shproj", "{333FF54F-8DAC-459B-9B33-AC2B9DBD43B9}"
EndProject
Global
	GlobalSection(SharedMSBuildProjectFiles) = preSolution
		RoomiesCalc\RoomiesCalc.projitems*{e3da6ccb-1692-47f3-a00a-7856d5b55d66}*SharedItemsImports = 4
		RoomiesCalc\RoomiesCalc.projitems*{4b782b33-808e-4522-8ebb-1295e526fed5}*SharedItemsImports = 4
		RoomiesCalc\RoomiesCalc.projitems*{be3f7952-a683-41e6-ba2d-c5390ec14379}*SharedItemsImports = 13
		RoomiesCalc\RoomiesCalc.projitems*{f75682c0-e9aa-46cb-83b2-e109f59a5612}*SharedItemsImports = 13
		Latest\RoomiesCalc\RoomiesCalc\RoomiesCalc.projitems*{76a1897d-a088-4efa-8e2d-da9b94e072b3}*SharedItemsImports = 4
		Latest\RoomiesCalc\RoomiesCalc\RoomiesCalc.projitems*{333ff54f-8dac-459b-9b33-ac2b9dbd43b9}*SharedItemsImports = 13
		Latest\RoomiesCalc\RoomiesCalc\RoomiesCalc.projitems*{84fe484b-9049-4099-9302-09f55ed4e217}*SharedItemsImports = 4
	EndGlobalSection
	GlobalSection(SolutionConfigurationPlatforms) = preSolution
		Ad-Hoc|Any CPU = Ad-Hoc|Any CPU
		Ad-Hoc|ARM = Ad-Hoc|ARM
		Ad-Hoc|iPhone = Ad-Hoc|iPhone
		Ad-Hoc|iPhoneSimulator = Ad-Hoc|iPhoneSimulator
		Ad-Hoc|x64 = Ad-Hoc|x64
		Ad-Hoc|x86 = Ad-Hoc|x86
		AppStore|Any CPU = AppStore|Any CPU
		AppStore|ARM = AppStore|ARM
		AppStore|iPhone = AppStore|iPhone
		AppStore|iPhoneSimulator = AppStore|iPhoneSimulator
		AppStore|x64 = AppStore|x64
		AppStore|x86 = AppStore|x86
		Debug|Any CPU = Debug|Any CPU
		Debug|ARM = Debug|ARM
		Debug|iPhone = Debug|iPhone
		Debug|iPhoneSimulator = Debug|iPhoneSimulator
		Debug|x64 = Debug|x64
		Debug|x86 = Debug|x86
		Release|Any CPU = Release|Any CPU
		Release|ARM = Release|ARM
		Release|iPhone = Release|iPhone
		Release|iPhoneSimulator = Release|iPhoneSimulator
		Release|x64 = Release|x64
		Release|x86 = Release|x86
	EndGlobalSection
	GlobalSection(ProjectConfigurationPlatforms) = postSolution
		{E3DA6CCB-1692-47F3-A00A-7856D5B55D66}.Ad-Hoc|Any CPU.ActiveCfg = AppStore|iPhone
		{E3DA6CCB-1692-47F3-A00A-7856D5B55D66}.Ad-Hoc|Any CPU.Build.0 = AppStore|iPhone
		{E3DA6CCB-1692-47F3-A00A-7856D5B55D66}.Ad-Hoc|ARM.ActiveCfg = AppStore|iPhone
		{E3DA6CCB-1692-47F3-A00A-7856D5B55D66}.Ad-Hoc|ARM.Build.0 = AppStore|iPhone
		{E3DA6CCB-1692-47F3-A00A-7856D5B55D66}.Ad-Hoc|iPhone.ActiveCfg = AppStore|iPhone
		{E3DA6CCB-1692-47F3-A00A-7856D5B55D66}.Ad-Hoc|iPhone.Build.0 = AppStore|iPhone
		{E3DA6CCB-1692-47F3-A00A-7856D5B55D66}.Ad-Hoc|iPhoneSimulator.ActiveCfg = AppStore|iPhoneSimulator
		{E3DA6CCB-1692-47F3-A00A-7856D5B55D66}.Ad-Hoc|iPhoneSimulator.Build.0 = AppStore|iPhoneSimulator
		{E3DA6CCB-1692-47F3-A00A-7856D5B55D66}.Ad-Hoc|x64.ActiveCfg = AppStore|iPhone
		{E3DA6CCB-1692-47F3-A00A-7856D5B55D66}.Ad-Hoc|x64.Build.0 = AppStore|iPhone
		{E3DA6CCB-1692-47F3-A00A-7856D5B55D66}.Ad-Hoc|x86.ActiveCfg = AppStore|iPhone
		{E3DA6CCB-1692-47F3-A00A-7856D5B55D66}.Ad-Hoc|x86.Build.0 = AppStore|iPhone
		{E3DA6CCB-1692-47F3-A00A-7856D5B55D66}.AppStore|Any CPU.ActiveCfg = AppStore|iPhone
		{E3DA6CCB-1692-47F3-A00A-7856D5B55D66}.AppStore|ARM.ActiveCfg = AppStore|iPhone
		{E3DA6CCB-1692-47F3-A00A-7856D5B55D66}.AppStore|iPhone.ActiveCfg = AppStore|iPhone
		{E3DA6CCB-1692-47F3-A00A-7856D5B55D66}.AppStore|iPhone.Build.0 = AppStore|iPhone
		{E3DA6CCB-1692-47F3-A00A-7856D5B55D66}.AppStore|iPhoneSimulator.ActiveCfg = AppStore|iPhoneSimulator
		{E3DA6CCB-1692-47F3-A00A-7856D5B55D66}.AppStore|iPhoneSimulator.Build.0 = AppStore|iPhoneSimulator
		{E3DA6CCB-1692-47F3-A00A-7856D5B55D66}.AppStore|x64.ActiveCfg = AppStore|iPhone
		{E3DA6CCB-1692-47F3-A00A-7856D5B55D66}.AppStore|x86.ActiveCfg = AppStore|iPhone
		{E3DA6CCB-1692-47F3-A00A-7856D5B55D66}.Debug|Any CPU.ActiveCfg = Debug|iPhoneSimulator
		{E3DA6CCB-1692-47F3-A00A-7856D5B55D66}.Debug|Any CPU.Build.0 = Debug|iPhoneSimulator
		{E3DA6CCB-1692-47F3-A00A-7856D5B55D66}.Debug|ARM.ActiveCfg = Debug|iPhone
		{E3DA6CCB-1692-47F3-A00A-7856D5B55D66}.Debug|iPhone.ActiveCfg = Debug|iPhone
		{E3DA6CCB-1692-47F3-A00A-7856D5B55D66}.Debug|iPhone.Build.0 = Debug|iPhone
		{E3DA6CCB-1692-47F3-A00A-7856D5B55D66}.Debug|iPhoneSimulator.ActiveCfg = Debug|iPhoneSimulator
		{E3DA6CCB-1692-47F3-A00A-7856D5B55D66}.Debug|iPhoneSimulator.Build.0 = Debug|iPhoneSimulator
		{E3DA6CCB-1692-47F3-A00A-7856D5B55D66}.Debug|x64.ActiveCfg = Debug|iPhone
		{E3DA6CCB-1692-47F3-A00A-7856D5B55D66}.Debug|x86.ActiveCfg = Debug|iPhone
		{E3DA6CCB-1692-47F3-A00A-7856D5B55D66}.Release|Any CPU.ActiveCfg = Release|iPhone
		{E3DA6CCB-1692-47F3-A00A-7856D5B55D66}.Release|Any CPU.Build.0 = Release|iPhone
		{E3DA6CCB-1692-47F3-A00A-7856D5B55D66}.Release|ARM.ActiveCfg = Release|iPhoneSimulator
		{E3DA6CCB-1692-47F3-A00A-7856D5B55D66}.Release|iPhone.ActiveCfg = Release|iPhone
		{E3DA6CCB-1692-47F3-A00A-7856D5B55D66}.Release|iPhone.Build.0 = Release|iPhone
		{E3DA6CCB-1692-47F3-A00A-7856D5B55D66}.Release|iPhoneSimulator.ActiveCfg = Release|iPhoneSimulator
		{E3DA6CCB-1692-47F3-A00A-7856D5B55D66}.Release|iPhoneSimulator.Build.0 = Release|iPhoneSimulator
		{E3DA6CCB-1692-47F3-A00A-7856D5B55D66}.Release|x64.ActiveCfg = Release|iPhoneSimulator
		{E3DA6CCB-1692-47F3-A00A-7856D5B55D66}.Release|x86.ActiveCfg = Release|iPhoneSimulator
		{4B782B33-808E-4522-8EBB-1295E526FED5}.Ad-Hoc|Any CPU.ActiveCfg = Release|Any CPU
		{4B782B33-808E-4522-8EBB-1295E526FED5}.Ad-Hoc|Any CPU.Build.0 = Release|Any CPU
		{4B782B33-808E-4522-8EBB-1295E526FED5}.Ad-Hoc|Any CPU.Deploy.0 = Release|Any CPU
		{4B782B33-808E-4522-8EBB-1295E526FED5}.Ad-Hoc|ARM.ActiveCfg = Release|Any CPU
		{4B782B33-808E-4522-8EBB-1295E526FED5}.Ad-Hoc|ARM.Build.0 = Release|Any CPU
		{4B782B33-808E-4522-8EBB-1295E526FED5}.Ad-Hoc|ARM.Deploy.0 = Release|Any CPU
		{4B782B33-808E-4522-8EBB-1295E526FED5}.Ad-Hoc|iPhone.ActiveCfg = Release|Any CPU
		{4B782B33-808E-4522-8EBB-1295E526FED5}.Ad-Hoc|iPhone.Build.0 = Release|Any CPU
		{4B782B33-808E-4522-8EBB-1295E526FED5}.Ad-Hoc|iPhone.Deploy.0 = Release|Any CPU
		{4B782B33-808E-4522-8EBB-1295E526FED5}.Ad-Hoc|iPhoneSimulator.ActiveCfg = Release|Any CPU
		{4B782B33-808E-4522-8EBB-1295E526FED5}.Ad-Hoc|iPhoneSimulator.Build.0 = Release|Any CPU
		{4B782B33-808E-4522-8EBB-1295E526FED5}.Ad-Hoc|iPhoneSimulator.Deploy.0 = Release|Any CPU
		{4B782B33-808E-4522-8EBB-1295E526FED5}.Ad-Hoc|x64.ActiveCfg = Release|Any CPU
		{4B782B33-808E-4522-8EBB-1295E526FED5}.Ad-Hoc|x64.Build.0 = Release|Any CPU
		{4B782B33-808E-4522-8EBB-1295E526FED5}.Ad-Hoc|x64.Deploy.0 = Release|Any CPU
		{4B782B33-808E-4522-8EBB-1295E526FED5}.Ad-Hoc|x86.ActiveCfg = Release|Any CPU
		{4B782B33-808E-4522-8EBB-1295E526FED5}.Ad-Hoc|x86.Build.0 = Release|Any CPU
		{4B782B33-808E-4522-8EBB-1295E526FED5}.Ad-Hoc|x86.Deploy.0 = Release|Any CPU
		{4B782B33-808E-4522-8EBB-1295E526FED5}.AppStore|Any CPU.ActiveCfg = Release|Any CPU
		{4B782B33-808E-4522-8EBB-1295E526FED5}.AppStore|Any CPU.Build.0 = Release|Any CPU
		{4B782B33-808E-4522-8EBB-1295E526FED5}.AppStore|Any CPU.Deploy.0 = Release|Any CPU
		{4B782B33-808E-4522-8EBB-1295E526FED5}.AppStore|ARM.ActiveCfg = Release|Any CPU
		{4B782B33-808E-4522-8EBB-1295E526FED5}.AppStore|ARM.Build.0 = Release|Any CPU
		{4B782B33-808E-4522-8EBB-1295E526FED5}.AppStore|ARM.Deploy.0 = Release|Any CPU
		{4B782B33-808E-4522-8EBB-1295E526FED5}.AppStore|iPhone.ActiveCfg = Release|Any CPU
		{4B782B33-808E-4522-8EBB-1295E526FED5}.AppStore|iPhone.Build.0 = Release|Any CPU
		{4B782B33-808E-4522-8EBB-1295E526FED5}.AppStore|iPhone.Deploy.0 = Release|Any CPU
		{4B782B33-808E-4522-8EBB-1295E526FED5}.AppStore|iPhoneSimulator.ActiveCfg = Release|Any CPU
		{4B782B33-808E-4522-8EBB-1295E526FED5}.AppStore|iPhoneSimulator.Build.0 = Release|Any CPU
		{4B782B33-808E-4522-8EBB-1295E526FED5}.AppStore|iPhoneSimulator.Deploy.0 = Release|Any CPU
		{4B782B33-808E-4522-8EBB-1295E526FED5}.AppStore|x64.ActiveCfg = Release|Any CPU
		{4B782B33-808E-4522-8EBB-1295E526FED5}.AppStore|x64.Build.0 = Release|Any CPU
		{4B782B33-808E-4522-8EBB-1295E526FED5}.AppStore|x64.Deploy.0 = Release|Any CPU
		{4B782B33-808E-4522-8EBB-1295E526FED5}.AppStore|x86.ActiveCfg = Release|Any CPU
		{4B782B33-808E-4522-8EBB-1295E526FED5}.AppStore|x86.Build.0 = Release|Any CPU
		{4B782B33-808E-4522-8EBB-1295E526FED5}.AppStore|x86.Deploy.0 = Release|Any CPU
		{4B782B33-808E-4522-8EBB-1295E526FED5}.Debug|Any CPU.ActiveCfg = Debug|Any CPU
		{4B782B33-808E-4522-8EBB-1295E526FED5}.Debug|Any CPU.Build.0 = Debug|Any CPU
		{4B782B33-808E-4522-8EBB-1295E526FED5}.Debug|Any CPU.Deploy.0 = Debug|Any CPU
		{4B782B33-808E-4522-8EBB-1295E526FED5}.Debug|ARM.ActiveCfg = Debug|Any CPU
		{4B782B33-808E-4522-8EBB-1295E526FED5}.Debug|ARM.Build.0 = Debug|Any CPU
		{4B782B33-808E-4522-8EBB-1295E526FED5}.Debug|ARM.Deploy.0 = Debug|Any CPU
		{4B782B33-808E-4522-8EBB-1295E526FED5}.Debug|iPhone.ActiveCfg = Debug|Any CPU
		{4B782B33-808E-4522-8EBB-1295E526FED5}.Debug|iPhone.Build.0 = Debug|Any CPU
		{4B782B33-808E-4522-8EBB-1295E526FED5}.Debug|iPhoneSimulator.ActiveCfg = Debug|Any CPU
		{4B782B33-808E-4522-8EBB-1295E526FED5}.Debug|iPhoneSimulator.Build.0 = Debug|Any CPU
		{4B782B33-808E-4522-8EBB-1295E526FED5}.Debug|x64.ActiveCfg = Debug|Any CPU
		{4B782B33-808E-4522-8EBB-1295E526FED5}.Debug|x64.Build.0 = Debug|Any CPU
		{4B782B33-808E-4522-8EBB-1295E526FED5}.Debug|x64.Deploy.0 = Debug|Any CPU
		{4B782B33-808E-4522-8EBB-1295E526FED5}.Debug|x86.ActiveCfg = Debug|Any CPU
		{4B782B33-808E-4522-8EBB-1295E526FED5}.Debug|x86.Build.0 = Debug|Any CPU
		{4B782B33-808E-4522-8EBB-1295E526FED5}.Debug|x86.Deploy.0 = Debug|Any CPU
		{4B782B33-808E-4522-8EBB-1295E526FED5}.Release|Any CPU.ActiveCfg = Release|Any CPU
		{4B782B33-808E-4522-8EBB-1295E526FED5}.Release|Any CPU.Build.0 = Release|Any CPU
		{4B782B33-808E-4522-8EBB-1295E526FED5}.Release|ARM.ActiveCfg = Release|Any CPU
		{4B782B33-808E-4522-8EBB-1295E526FED5}.Release|ARM.Build.0 = Release|Any CPU
		{4B782B33-808E-4522-8EBB-1295E526FED5}.Release|ARM.Deploy.0 = Release|Any CPU
		{4B782B33-808E-4522-8EBB-1295E526FED5}.Release|iPhone.ActiveCfg = Release|Any CPU
		{4B782B33-808E-4522-8EBB-1295E526FED5}.Release|iPhone.Build.0 = Release|Any CPU
		{4B782B33-808E-4522-8EBB-1295E526FED5}.Release|iPhoneSimulator.ActiveCfg = Release|Any CPU
		{4B782B33-808E-4522-8EBB-1295E526FED5}.Release|iPhoneSimulator.Build.0 = Release|Any CPU
		{4B782B33-808E-4522-8EBB-1295E526FED5}.Release|x64.ActiveCfg = Release|Any CPU
		{4B782B33-808E-4522-8EBB-1295E526FED5}.Release|x64.Build.0 = Release|Any CPU
		{4B782B33-808E-4522-8EBB-1295E526FED5}.Release|x64.Deploy.0 = Release|Any CPU
		{4B782B33-808E-4522-8EBB-1295E526FED5}.Release|x86.ActiveCfg = Release|Any CPU
		{4B782B33-808E-4522-8EBB-1295E526FED5}.Release|x86.Build.0 = Release|Any CPU
		{4B782B33-808E-4522-8EBB-1295E526FED5}.Release|x86.Deploy.0 = Release|Any CPU
		{84FE484B-9049-4099-9302-09F55ED4E217}.Ad-Hoc|Any CPU.ActiveCfg = Release|Any CPU
		{84FE484B-9049-4099-9302-09F55ED4E217}.Ad-Hoc|Any CPU.Build.0 = Release|Any CPU
		{84FE484B-9049-4099-9302-09F55ED4E217}.Ad-Hoc|Any CPU.Deploy.0 = Release|Any CPU
		{84FE484B-9049-4099-9302-09F55ED4E217}.Ad-Hoc|ARM.ActiveCfg = Release|Any CPU
		{84FE484B-9049-4099-9302-09F55ED4E217}.Ad-Hoc|ARM.Build.0 = Release|Any CPU
		{84FE484B-9049-4099-9302-09F55ED4E217}.Ad-Hoc|ARM.Deploy.0 = Release|Any CPU
		{84FE484B-9049-4099-9302-09F55ED4E217}.Ad-Hoc|iPhone.ActiveCfg = Release|Any CPU
		{84FE484B-9049-4099-9302-09F55ED4E217}.Ad-Hoc|iPhone.Build.0 = Release|Any CPU
		{84FE484B-9049-4099-9302-09F55ED4E217}.Ad-Hoc|iPhone.Deploy.0 = Release|Any CPU
		{84FE484B-9049-4099-9302-09F55ED4E217}.Ad-Hoc|iPhoneSimulator.ActiveCfg = Release|Any CPU
		{84FE484B-9049-4099-9302-09F55ED4E217}.Ad-Hoc|iPhoneSimulator.Build.0 = Release|Any CPU
		{84FE484B-9049-4099-9302-09F55ED4E217}.Ad-Hoc|iPhoneSimulator.Deploy.0 = Release|Any CPU
		{84FE484B-9049-4099-9302-09F55ED4E217}.Ad-Hoc|x64.ActiveCfg = Release|Any CPU
		{84FE484B-9049-4099-9302-09F55ED4E217}.Ad-Hoc|x64.Build.0 = Release|Any CPU
		{84FE484B-9049-4099-9302-09F55ED4E217}.Ad-Hoc|x64.Deploy.0 = Release|Any CPU
		{84FE484B-9049-4099-9302-09F55ED4E217}.Ad-Hoc|x86.ActiveCfg = Release|Any CPU
		{84FE484B-9049-4099-9302-09F55ED4E217}.Ad-Hoc|x86.Build.0 = Release|Any CPU
		{84FE484B-9049-4099-9302-09F55ED4E217}.Ad-Hoc|x86.Deploy.0 = Release|Any CPU
		{84FE484B-9049-4099-9302-09F55ED4E217}.AppStore|Any CPU.ActiveCfg = Release|Any CPU
		{84FE484B-9049-4099-9302-09F55ED4E217}.AppStore|Any CPU.Build.0 = Release|Any CPU
		{84FE484B-9049-4099-9302-09F55ED4E217}.AppStore|Any CPU.Deploy.0 = Release|Any CPU
		{84FE484B-9049-4099-9302-09F55ED4E217}.AppStore|ARM.ActiveCfg = Release|Any CPU
		{84FE484B-9049-4099-9302-09F55ED4E217}.AppStore|ARM.Build.0 = Release|Any CPU
		{84FE484B-9049-4099-9302-09F55ED4E217}.AppStore|ARM.Deploy.0 = Release|Any CPU
		{84FE484B-9049-4099-9302-09F55ED4E217}.AppStore|iPhone.ActiveCfg = Release|Any CPU
		{84FE484B-9049-4099-9302-09F55ED4E217}.AppStore|iPhone.Build.0 = Release|Any CPU
		{84FE484B-9049-4099-9302-09F55ED4E217}.AppStore|iPhone.Deploy.0 = Release|Any CPU
		{84FE484B-9049-4099-9302-09F55ED4E217}.AppStore|iPhoneSimulator.ActiveCfg = Release|Any CPU
		{84FE484B-9049-4099-9302-09F55ED4E217}.AppStore|iPhoneSimulator.Build.0 = Release|Any CPU
		{84FE484B-9049-4099-9302-09F55ED4E217}.AppStore|iPhoneSimulator.Deploy.0 = Release|Any CPU
		{84FE484B-9049-4099-9302-09F55ED4E217}.AppStore|x64.ActiveCfg = Release|Any CPU
		{84FE484B-9049-4099-9302-09F55ED4E217}.AppStore|x64.Build.0 = Release|Any CPU
		{84FE484B-9049-4099-9302-09F55ED4E217}.AppStore|x64.Deploy.0 = Release|Any CPU
		{84FE484B-9049-4099-9302-09F55ED4E217}.AppStore|x86.ActiveCfg = Release|Any CPU
		{84FE484B-9049-4099-9302-09F55ED4E217}.AppStore|x86.Build.0 = Release|Any CPU
		{84FE484B-9049-4099-9302-09F55ED4E217}.AppStore|x86.Deploy.0 = Release|Any CPU
		{84FE484B-9049-4099-9302-09F55ED4E217}.Debug|Any CPU.ActiveCfg = Debug|Any CPU
		{84FE484B-9049-4099-9302-09F55ED4E217}.Debug|Any CPU.Build.0 = Debug|Any CPU
		{84FE484B-9049-4099-9302-09F55ED4E217}.Debug|Any CPU.Deploy.0 = Debug|Any CPU
		{84FE484B-9049-4099-9302-09F55ED4E217}.Debug|ARM.ActiveCfg = Debug|Any CPU
		{84FE484B-9049-4099-9302-09F55ED4E217}.Debug|ARM.Build.0 = Debug|Any CPU
		{84FE484B-9049-4099-9302-09F55ED4E217}.Debug|ARM.Deploy.0 = Debug|Any CPU
		{84FE484B-9049-4099-9302-09F55ED4E217}.Debug|iPhone.ActiveCfg = Debug|Any CPU
		{84FE484B-9049-4099-9302-09F55ED4E217}.Debug|iPhone.Build.0 = Debug|Any CPU
		{84FE484B-9049-4099-9302-09F55ED4E217}.Debug|iPhone.Deploy.0 = Debug|Any CPU
		{84FE484B-9049-4099-9302-09F55ED4E217}.Debug|iPhoneSimulator.ActiveCfg = Debug|Any CPU
		{84FE484B-9049-4099-9302-09F55ED4E217}.Debug|iPhoneSimulator.Build.0 = Debug|Any CPU
		{84FE484B-9049-4099-9302-09F55ED4E217}.Debug|iPhoneSimulator.Deploy.0 = Debug|Any CPU
		{84FE484B-9049-4099-9302-09F55ED4E217}.Debug|x64.ActiveCfg = Debug|Any CPU
		{84FE484B-9049-4099-9302-09F55ED4E217}.Debug|x64.Build.0 = Debug|Any CPU
		{84FE484B-9049-4099-9302-09F55ED4E217}.Debug|x64.Deploy.0 = Debug|Any CPU
		{84FE484B-9049-4099-9302-09F55ED4E217}.Debug|x86.ActiveCfg = Debug|Any CPU
		{84FE484B-9049-4099-9302-09F55ED4E217}.Debug|x86.Build.0 = Debug|Any CPU
		{84FE484B-9049-4099-9302-09F55ED4E217}.Debug|x86.Deploy.0 = Debug|Any CPU
		{84FE484B-9049-4099-9302-09F55ED4E217}.Release|Any CPU.ActiveCfg = Release|Any CPU
		{84FE484B-9049-4099-9302-09F55ED4E217}.Release|Any CPU.Build.0 = Release|Any CPU
		{84FE484B-9049-4099-9302-09F55ED4E217}.Release|Any CPU.Deploy.0 = Release|Any CPU
		{84FE484B-9049-4099-9302-09F55ED4E217}.Release|ARM.ActiveCfg = Release|Any CPU
		{84FE484B-9049-4099-9302-09F55ED4E217}.Release|ARM.Build.0 = Release|Any CPU
		{84FE484B-9049-4099-9302-09F55ED4E217}.Release|ARM.Deploy.0 = Release|Any CPU
		{84FE484B-9049-4099-9302-09F55ED4E217}.Release|iPhone.ActiveCfg = Release|Any CPU
		{84FE484B-9049-4099-9302-09F55ED4E217}.Release|iPhone.Build.0 = Release|Any CPU
		{84FE484B-9049-4099-9302-09F55ED4E217}.Release|iPhone.Deploy.0 = Release|Any CPU
		{84FE484B-9049-4099-9302-09F55ED4E217}.Release|iPhoneSimulator.ActiveCfg = Release|Any CPU
		{84FE484B-9049-4099-9302-09F55ED4E217}.Release|iPhoneSimulator.Build.0 = Release|Any CPU
		{84FE484B-9049-4099-9302-09F55ED4E217}.Release|iPhoneSimulator.Deploy.0 = Release|Any CPU
		{84FE484B-9049-4099-9302-09F55ED4E217}.Release|x64.ActiveCfg = Release|Any CPU
		{84FE484B-9049-4099-9302-09F55ED4E217}.Release|x64.Build.0 = Release|Any CPU
		{84FE484B-9049-4099-9302-09F55ED4E217}.Release|x64.Deploy.0 = Release|Any CPU
		{84FE484B-9049-4099-9302-09F55ED4E217}.Release|x86.ActiveCfg = Release|Any CPU
		{84FE484B-9049-4099-9302-09F55ED4E217}.Release|x86.Build.0 = Release|Any CPU
		{84FE484B-9049-4099-9302-09F55ED4E217}.Release|x86.Deploy.0 = Release|Any CPU
		{76A1897D-A088-4EFA-8E2D-DA9B94E072B3}.Ad-Hoc|Any CPU.ActiveCfg = Ad-Hoc|iPhone
		{76A1897D-A088-4EFA-8E2D-DA9B94E072B3}.Ad-Hoc|ARM.ActiveCfg = Ad-Hoc|iPhone
		{76A1897D-A088-4EFA-8E2D-DA9B94E072B3}.Ad-Hoc|iPhone.ActiveCfg = Ad-Hoc|iPhone
		{76A1897D-A088-4EFA-8E2D-DA9B94E072B3}.Ad-Hoc|iPhone.Build.0 = Ad-Hoc|iPhone
		{76A1897D-A088-4EFA-8E2D-DA9B94E072B3}.Ad-Hoc|iPhoneSimulator.ActiveCfg = Ad-Hoc|iPhoneSimulator
		{76A1897D-A088-4EFA-8E2D-DA9B94E072B3}.Ad-Hoc|iPhoneSimulator.Build.0 = Ad-Hoc|iPhoneSimulator
		{76A1897D-A088-4EFA-8E2D-DA9B94E072B3}.Ad-Hoc|x64.ActiveCfg = Ad-Hoc|iPhone
		{76A1897D-A088-4EFA-8E2D-DA9B94E072B3}.Ad-Hoc|x86.ActiveCfg = Ad-Hoc|iPhone
		{76A1897D-A088-4EFA-8E2D-DA9B94E072B3}.AppStore|Any CPU.ActiveCfg = AppStore|iPhone
		{76A1897D-A088-4EFA-8E2D-DA9B94E072B3}.AppStore|ARM.ActiveCfg = AppStore|iPhone
		{76A1897D-A088-4EFA-8E2D-DA9B94E072B3}.AppStore|iPhone.ActiveCfg = AppStore|iPhone
		{76A1897D-A088-4EFA-8E2D-DA9B94E072B3}.AppStore|iPhone.Build.0 = AppStore|iPhone
		{76A1897D-A088-4EFA-8E2D-DA9B94E072B3}.AppStore|iPhoneSimulator.ActiveCfg = AppStore|iPhoneSimulator
		{76A1897D-A088-4EFA-8E2D-DA9B94E072B3}.AppStore|iPhoneSimulator.Build.0 = AppStore|iPhoneSimulator
		{76A1897D-A088-4EFA-8E2D-DA9B94E072B3}.AppStore|x64.ActiveCfg = AppStore|iPhone
		{76A1897D-A088-4EFA-8E2D-DA9B94E072B3}.AppStore|x86.ActiveCfg = AppStore|iPhone
		{76A1897D-A088-4EFA-8E2D-DA9B94E072B3}.Debug|Any CPU.ActiveCfg = Debug|iPhone
		{76A1897D-A088-4EFA-8E2D-DA9B94E072B3}.Debug|ARM.ActiveCfg = Debug|iPhone
		{76A1897D-A088-4EFA-8E2D-DA9B94E072B3}.Debug|iPhone.ActiveCfg = Debug|iPhone
		{76A1897D-A088-4EFA-8E2D-DA9B94E072B3}.Debug|iPhone.Build.0 = Debug|iPhone
		{76A1897D-A088-4EFA-8E2D-DA9B94E072B3}.Debug|iPhoneSimulator.ActiveCfg = Debug|iPhoneSimulator
		{76A1897D-A088-4EFA-8E2D-DA9B94E072B3}.Debug|iPhoneSimulator.Build.0 = Debug|iPhoneSimulator
		{76A1897D-A088-4EFA-8E2D-DA9B94E072B3}.Debug|x64.ActiveCfg = Debug|iPhone
		{76A1897D-A088-4EFA-8E2D-DA9B94E072B3}.Debug|x86.ActiveCfg = Debug|iPhone
		{76A1897D-A088-4EFA-8E2D-DA9B94E072B3}.Release|Any CPU.ActiveCfg = Release|iPhone
		{76A1897D-A088-4EFA-8E2D-DA9B94E072B3}.Release|ARM.ActiveCfg = Release|iPhone
		{76A1897D-A088-4EFA-8E2D-DA9B94E072B3}.Release|iPhone.ActiveCfg = Release|iPhone
		{76A1897D-A088-4EFA-8E2D-DA9B94E072B3}.Release|iPhone.Build.0 = Release|iPhone
		{76A1897D-A088-4EFA-8E2D-DA9B94E072B3}.Release|iPhoneSimulator.ActiveCfg = Release|iPhoneSimulator
		{76A1897D-A088-4EFA-8E2D-DA9B94E072B3}.Release|iPhoneSimulator.Build.0 = Release|iPhoneSimulator
		{76A1897D-A088-4EFA-8E2D-DA9B94E072B3}.Release|x64.ActiveCfg = Release|iPhone
		{76A1897D-A088-4EFA-8E2D-DA9B94E072B3}.Release|x86.ActiveCfg = Release|iPhone
	EndGlobalSection
	GlobalSection(SolutionProperties) = preSolution
		HideSolutionNode = FALSE
	EndGlobalSection
	GlobalSection(NestedProjects) = preSolution
		{F75682C0-E9AA-46CB-83B2-E109F59A5612} = {4A73061E-D2DA-449B-8E8D-F4D2BEDE43B6}
		{BE3F7952-A683-41E6-BA2D-C5390EC14379} = {4A73061E-D2DA-449B-8E8D-F4D2BEDE43B6}
		{E3DA6CCB-1692-47F3-A00A-7856D5B55D66} = {4A73061E-D2DA-449B-8E8D-F4D2BEDE43B6}
		{4B782B33-808E-4522-8EBB-1295E526FED5} = {4A73061E-D2DA-449B-8E8D-F4D2BEDE43B6}
		{84FE484B-9049-4099-9302-09F55ED4E217} = {3D02F5E7-60FA-4B65-B829-F8DF97E1BEB3}
		{76A1897D-A088-4EFA-8E2D-DA9B94E072B3} = {3D02F5E7-60FA-4B65-B829-F8DF97E1BEB3}
		{333FF54F-8DAC-459B-9B33-AC2B9DBD43B9} = {3D02F5E7-60FA-4B65-B829-F8DF97E1BEB3}
	EndGlobalSection
EndGlobal
